// !$*UTF8*$!
{
	archiveVersion = 1;
	classes = {
	};
	objectVersion = 56;
	objects = {

/* Begin PBXBuildFile section */
		9131FA9E2B9D99E300B25976 /* TravelScheduleApp.swift in Sources */ = {isa = PBXBuildFile; fileRef = 9131FA9D2B9D99E300B25976 /* TravelScheduleApp.swift */; };
		9131FAA02B9D99E300B25976 /* ContentView.swift in Sources */ = {isa = PBXBuildFile; fileRef = 9131FA9F2B9D99E300B25976 /* ContentView.swift */; };
		9131FAA22B9D99E400B25976 /* Assets.xcassets in Resources */ = {isa = PBXBuildFile; fileRef = 9131FAA12B9D99E400B25976 /* Assets.xcassets */; };
		9131FAA52B9D99E400B25976 /* Preview Assets.xcassets in Resources */ = {isa = PBXBuildFile; fileRef = 9131FAA42B9D99E400B25976 /* Preview Assets.xcassets */; };
		9164C9F22C2D57C500C0F854 /* CGFloat+Extension.swift in Sources */ = {isa = PBXBuildFile; fileRef = 9164C9F12C2D57C500C0F854 /* CGFloat+Extension.swift */; };
		9164C9F92C2D58D200C0F854 /* CloseButton.swift in Sources */ = {isa = PBXBuildFile; fileRef = 9164C9F82C2D58D200C0F854 /* CloseButton.swift */; };
		9178F9BF2BE6C55C000B89A8 /* Fonts+Extension.swift in Sources */ = {isa = PBXBuildFile; fileRef = 9178F9BE2BE6C55C000B89A8 /* Fonts+Extension.swift */; };
		9178F9C12BE6C8C6000B89A8 /* LaunchScreen.storyboard in Resources */ = {isa = PBXBuildFile; fileRef = 9178F9C02BE6C8C6000B89A8 /* LaunchScreen.storyboard */; };
		9178F9C62BE935DE000B89A8 /* Image+Extension.swift in Sources */ = {isa = PBXBuildFile; fileRef = 9178F9C52BE935DE000B89A8 /* Image+Extension.swift */; };
		9178F9CF2BE980C7000B89A8 /* City.swift in Sources */ = {isa = PBXBuildFile; fileRef = 9178F9CE2BE980C7000B89A8 /* City.swift */; };
		9178F9D12BE983CE000B89A8 /* ErrorView.swift in Sources */ = {isa = PBXBuildFile; fileRef = 9178F9D02BE983CE000B89A8 /* ErrorView.swift */; };
		917A50A52C0E4279005F2385 /* Destination.swift in Sources */ = {isa = PBXBuildFile; fileRef = 917A50A42C0E4279005F2385 /* Destination.swift */; };
		917A50AB2C0F41D0005F2385 /* ScheduleViewModel.swift in Sources */ = {isa = PBXBuildFile; fileRef = 917A50AA2C0F41D0005F2385 /* ScheduleViewModel.swift */; };
		917A50B52C110402005F2385 /* CurrentRote.swift in Sources */ = {isa = PBXBuildFile; fileRef = 917A50B42C110402005F2385 /* CurrentRote.swift */; };
		918CA5F62BA01D920088CA5F /* OpenAPIRuntime in Frameworks */ = {isa = PBXBuildFile; productRef = 918CA5F52BA01D920088CA5F /* OpenAPIRuntime */; };
		918CA5F92BA01E640088CA5F /* OpenAPIURLSession in Frameworks */ = {isa = PBXBuildFile; productRef = 918CA5F82BA01E640088CA5F /* OpenAPIURLSession */; };
		918CA5FF2BA01FA60088CA5F /* openapi-generator-config.yaml in Resources */ = {isa = PBXBuildFile; fileRef = 918CA5FE2BA01FA60088CA5F /* openapi-generator-config.yaml */; };
		918CA6012BA01FE00088CA5F /* NetworkRequestService.swift in Sources */ = {isa = PBXBuildFile; fileRef = 918CA6002BA01FE00088CA5F /* NetworkRequestService.swift */; };
		918CA6082BA0EED10088CA5F /* ContentPresenter.swift in Sources */ = {isa = PBXBuildFile; fileRef = 918CA6072BA0EED10088CA5F /* ContentPresenter.swift */; };
		918FE3B72C050C2A00323D1D /* CityCellView.swift in Sources */ = {isa = PBXBuildFile; fileRef = 918FE3B62C050C2A00323D1D /* CityCellView.swift */; };
		918FE3BA2C050EC200323D1D /* CitiesScreenView.swift in Sources */ = {isa = PBXBuildFile; fileRef = 918FE3B92C050EC200323D1D /* CitiesScreenView.swift */; };
		918FE3C32C052F7F00323D1D /* StationCellView.swift in Sources */ = {isa = PBXBuildFile; fileRef = 918FE3C22C052F7F00323D1D /* StationCellView.swift */; };
		918FE3C82C05310200323D1D /* StationsScreenView.swift in Sources */ = {isa = PBXBuildFile; fileRef = 918FE3C72C05310200323D1D /* StationsScreenView.swift */; };
		918FE3CF2C06707400323D1D /* CarrierCellView.swift in Sources */ = {isa = PBXBuildFile; fileRef = 918FE3CE2C06707300323D1D /* CarrierCellView.swift */; };
		918FE3D22C06800400323D1D /* ScheduleScreenView.swift in Sources */ = {isa = PBXBuildFile; fileRef = 918FE3D12C06800400323D1D /* ScheduleScreenView.swift */; };
		91955ECB2BF1529500BEA0FF /* ErrorType.swift in Sources */ = {isa = PBXBuildFile; fileRef = 91955ECA2BF1529500BEA0FF /* ErrorType.swift */; };
		91A368022BFEC33100396463 /* WebView.swift in Sources */ = {isa = PBXBuildFile; fileRef = 91A368012BFEC33100396463 /* WebView.swift */; };
		91A368052BFEC6DA00396463 /* AgreementView.swift in Sources */ = {isa = PBXBuildFile; fileRef = 91A368042BFEC6DA00396463 /* AgreementView.swift */; };
		91C057302BA1FFB300CBD8F3 /* openapi.yaml in Resources */ = {isa = PBXBuildFile; fileRef = 918CA6062BA0EC560088CA5F /* openapi.yaml */; };
		91E739A82C0C9BD7001DDC28 /* CarrierInfoScreenView.swift in Sources */ = {isa = PBXBuildFile; fileRef = 91E739A72C0C9BD7001DDC28 /* CarrierInfoScreenView.swift */; };
		91E739B02C0CBE04001DDC28 /* RouteFilterScreenView.swift in Sources */ = {isa = PBXBuildFile; fileRef = 91E739AF2C0CBE04001DDC28 /* RouteFilterScreenView.swift */; };
		91E739B42C0D0254001DDC28 /* TimeIntervalCell.swift in Sources */ = {isa = PBXBuildFile; fileRef = 91E739B32C0D0254001DDC28 /* TimeIntervalCell.swift */; };
		91E739B72C0D0405001DDC28 /* TranferOptionCell.swift in Sources */ = {isa = PBXBuildFile; fileRef = 91E739B62C0D0405001DDC28 /* TranferOptionCell.swift */; };
		91E739BB2C0D2B1C001DDC28 /* Filters.swift in Sources */ = {isa = PBXBuildFile; fileRef = 91E739BA2C0D2B1C001DDC28 /* Filters.swift */; };
		91F281562BF93AC7009C860F /* Station.swift in Sources */ = {isa = PBXBuildFile; fileRef = 91F281552BF93AC7009C860F /* Station.swift */; };
		91F281592BF93C62009C860F /* Carrier.swift in Sources */ = {isa = PBXBuildFile; fileRef = 91F281582BF93C62009C860F /* Carrier.swift */; };
		91F2815D2BF94E06009C860F /* Schedule.swift in Sources */ = {isa = PBXBuildFile; fileRef = 91F2815C2BF94E06009C860F /* Schedule.swift */; };
		91F2815F2BF95336009C860F /* MockData.swift in Sources */ = {isa = PBXBuildFile; fileRef = 91F2815E2BF95336009C860F /* MockData.swift */; };
		91F281662BFA9525009C860F /* SearchBar.swift in Sources */ = {isa = PBXBuildFile; fileRef = 91F281652BFA9525009C860F /* SearchBar.swift */; };
		91F2816A2BFAB8FC009C860F /* StartScreenView.swift in Sources */ = {isa = PBXBuildFile; fileRef = 91F281692BFAB8FB009C860F /* StartScreenView.swift */; };
		91F281742BFAC1AD009C860F /* MainSearchView.swift in Sources */ = {isa = PBXBuildFile; fileRef = 91F281732BFAC1AD009C860F /* MainSearchView.swift */; };
		91F281782BFB9C13009C860F /* PreviewStoriesView.swift in Sources */ = {isa = PBXBuildFile; fileRef = 91F281772BFB9C13009C860F /* PreviewStoriesView.swift */; };
		91F2817B2BFB9E32009C860F /* PreviewStoryCellView.swift in Sources */ = {isa = PBXBuildFile; fileRef = 91F2817A2BFB9E32009C860F /* PreviewStoryCellView.swift */; };
		91F2817E2BFB9E6E009C860F /* Story.swift in Sources */ = {isa = PBXBuildFile; fileRef = 91F2817D2BFB9E6E009C860F /* Story.swift */; };
		91F281822BFE98CA009C860F /* StartTabView.swift in Sources */ = {isa = PBXBuildFile; fileRef = 91F281812BFE98CA009C860F /* StartTabView.swift */; };
		91F281882BFEB441009C860F /* SettingsScreenView.swift in Sources */ = {isa = PBXBuildFile; fileRef = 91F281872BFEB441009C860F /* SettingsScreenView.swift */; };
/* End PBXBuildFile section */

/* Begin PBXFileReference section */
		9131FA9A2B9D99E300B25976 /* TravelSchedule.app */ = {isa = PBXFileReference; explicitFileType = wrapper.application; includeInIndex = 0; path = TravelSchedule.app; sourceTree = BUILT_PRODUCTS_DIR; };
		9131FA9D2B9D99E300B25976 /* TravelScheduleApp.swift */ = {isa = PBXFileReference; lastKnownFileType = sourcecode.swift; path = TravelScheduleApp.swift; sourceTree = "<group>"; };
		9131FA9F2B9D99E300B25976 /* ContentView.swift */ = {isa = PBXFileReference; lastKnownFileType = sourcecode.swift; path = ContentView.swift; sourceTree = "<group>"; };
		9131FAA12B9D99E400B25976 /* Assets.xcassets */ = {isa = PBXFileReference; lastKnownFileType = folder.assetcatalog; path = Assets.xcassets; sourceTree = "<group>"; };
		9131FAA42B9D99E400B25976 /* Preview Assets.xcassets */ = {isa = PBXFileReference; lastKnownFileType = folder.assetcatalog; path = "Preview Assets.xcassets"; sourceTree = "<group>"; };
		9164C9F12C2D57C500C0F854 /* CGFloat+Extension.swift */ = {isa = PBXFileReference; lastKnownFileType = sourcecode.swift; path = "CGFloat+Extension.swift"; sourceTree = "<group>"; };
		9164C9F82C2D58D200C0F854 /* CloseButton.swift */ = {isa = PBXFileReference; lastKnownFileType = sourcecode.swift; path = CloseButton.swift; sourceTree = "<group>"; };
		9178F9BE2BE6C55C000B89A8 /* Fonts+Extension.swift */ = {isa = PBXFileReference; lastKnownFileType = sourcecode.swift; path = "Fonts+Extension.swift"; sourceTree = "<group>"; };
		9178F9C02BE6C8C6000B89A8 /* LaunchScreen.storyboard */ = {isa = PBXFileReference; lastKnownFileType = file.storyboard; path = LaunchScreen.storyboard; sourceTree = "<group>"; };
		9178F9C52BE935DE000B89A8 /* Image+Extension.swift */ = {isa = PBXFileReference; lastKnownFileType = sourcecode.swift; path = "Image+Extension.swift"; sourceTree = "<group>"; };
		9178F9CE2BE980C7000B89A8 /* City.swift */ = {isa = PBXFileReference; lastKnownFileType = sourcecode.swift; path = City.swift; sourceTree = "<group>"; };
		9178F9D02BE983CE000B89A8 /* ErrorView.swift */ = {isa = PBXFileReference; lastKnownFileType = sourcecode.swift; path = ErrorView.swift; sourceTree = "<group>"; };
		917A50A42C0E4279005F2385 /* Destination.swift */ = {isa = PBXFileReference; lastKnownFileType = sourcecode.swift; path = Destination.swift; sourceTree = "<group>"; };
		917A50AA2C0F41D0005F2385 /* ScheduleViewModel.swift */ = {isa = PBXFileReference; lastKnownFileType = sourcecode.swift; path = ScheduleViewModel.swift; sourceTree = "<group>"; };
		917A50B42C110402005F2385 /* CurrentRote.swift */ = {isa = PBXFileReference; lastKnownFileType = sourcecode.swift; path = CurrentRote.swift; sourceTree = "<group>"; };
		918CA5FE2BA01FA60088CA5F /* openapi-generator-config.yaml */ = {isa = PBXFileReference; lastKnownFileType = text.yaml; path = "openapi-generator-config.yaml"; sourceTree = "<group>"; };
		918CA6002BA01FE00088CA5F /* NetworkRequestService.swift */ = {isa = PBXFileReference; lastKnownFileType = sourcecode.swift; path = NetworkRequestService.swift; sourceTree = "<group>"; };
		918CA6062BA0EC560088CA5F /* openapi.yaml */ = {isa = PBXFileReference; lastKnownFileType = text.yaml; path = openapi.yaml; sourceTree = "<group>"; };
		918CA6072BA0EED10088CA5F /* ContentPresenter.swift */ = {isa = PBXFileReference; lastKnownFileType = sourcecode.swift; path = ContentPresenter.swift; sourceTree = "<group>"; };
		918FE3B62C050C2A00323D1D /* CityCellView.swift */ = {isa = PBXFileReference; lastKnownFileType = sourcecode.swift; path = CityCellView.swift; sourceTree = "<group>"; };
		918FE3B92C050EC200323D1D /* CitiesScreenView.swift */ = {isa = PBXFileReference; lastKnownFileType = sourcecode.swift; path = CitiesScreenView.swift; sourceTree = "<group>"; };
		918FE3C22C052F7F00323D1D /* StationCellView.swift */ = {isa = PBXFileReference; lastKnownFileType = sourcecode.swift; path = StationCellView.swift; sourceTree = "<group>"; };
		918FE3C72C05310200323D1D /* StationsScreenView.swift */ = {isa = PBXFileReference; lastKnownFileType = sourcecode.swift; path = StationsScreenView.swift; sourceTree = "<group>"; };
		918FE3CE2C06707300323D1D /* CarrierCellView.swift */ = {isa = PBXFileReference; lastKnownFileType = sourcecode.swift; path = CarrierCellView.swift; sourceTree = "<group>"; };
		918FE3D12C06800400323D1D /* ScheduleScreenView.swift */ = {isa = PBXFileReference; lastKnownFileType = sourcecode.swift; path = ScheduleScreenView.swift; sourceTree = "<group>"; };
		91955ECA2BF1529500BEA0FF /* ErrorType.swift */ = {isa = PBXFileReference; lastKnownFileType = sourcecode.swift; path = ErrorType.swift; sourceTree = "<group>"; };
		91A368012BFEC33100396463 /* WebView.swift */ = {isa = PBXFileReference; lastKnownFileType = sourcecode.swift; path = WebView.swift; sourceTree = "<group>"; };
		91A368042BFEC6DA00396463 /* AgreementView.swift */ = {isa = PBXFileReference; lastKnownFileType = sourcecode.swift; path = AgreementView.swift; sourceTree = "<group>"; };
		91E739A72C0C9BD7001DDC28 /* CarrierInfoScreenView.swift */ = {isa = PBXFileReference; lastKnownFileType = sourcecode.swift; path = CarrierInfoScreenView.swift; sourceTree = "<group>"; };
		91E739AF2C0CBE04001DDC28 /* RouteFilterScreenView.swift */ = {isa = PBXFileReference; lastKnownFileType = sourcecode.swift; path = RouteFilterScreenView.swift; sourceTree = "<group>"; };
		91E739B32C0D0254001DDC28 /* TimeIntervalCell.swift */ = {isa = PBXFileReference; lastKnownFileType = sourcecode.swift; path = TimeIntervalCell.swift; sourceTree = "<group>"; };
		91E739B62C0D0405001DDC28 /* TranferOptionCell.swift */ = {isa = PBXFileReference; lastKnownFileType = sourcecode.swift; path = TranferOptionCell.swift; sourceTree = "<group>"; };
		91E739BA2C0D2B1C001DDC28 /* Filters.swift */ = {isa = PBXFileReference; lastKnownFileType = sourcecode.swift; path = Filters.swift; sourceTree = "<group>"; };
		91F281552BF93AC7009C860F /* Station.swift */ = {isa = PBXFileReference; lastKnownFileType = sourcecode.swift; path = Station.swift; sourceTree = "<group>"; };
		91F281582BF93C62009C860F /* Carrier.swift */ = {isa = PBXFileReference; lastKnownFileType = sourcecode.swift; path = Carrier.swift; sourceTree = "<group>"; };
		91F2815C2BF94E06009C860F /* Schedule.swift */ = {isa = PBXFileReference; lastKnownFileType = sourcecode.swift; path = Schedule.swift; sourceTree = "<group>"; };
		91F2815E2BF95336009C860F /* MockData.swift */ = {isa = PBXFileReference; lastKnownFileType = sourcecode.swift; path = MockData.swift; sourceTree = "<group>"; };
		91F281652BFA9525009C860F /* SearchBar.swift */ = {isa = PBXFileReference; lastKnownFileType = sourcecode.swift; path = SearchBar.swift; sourceTree = "<group>"; };
		91F281692BFAB8FB009C860F /* StartScreenView.swift */ = {isa = PBXFileReference; lastKnownFileType = sourcecode.swift; path = StartScreenView.swift; sourceTree = "<group>"; };
		91F281732BFAC1AD009C860F /* MainSearchView.swift */ = {isa = PBXFileReference; lastKnownFileType = sourcecode.swift; path = MainSearchView.swift; sourceTree = "<group>"; };
		91F281772BFB9C13009C860F /* PreviewStoriesView.swift */ = {isa = PBXFileReference; lastKnownFileType = sourcecode.swift; path = PreviewStoriesView.swift; sourceTree = "<group>"; };
		91F2817A2BFB9E32009C860F /* PreviewStoryCellView.swift */ = {isa = PBXFileReference; lastKnownFileType = sourcecode.swift; path = PreviewStoryCellView.swift; sourceTree = "<group>"; };
		91F2817D2BFB9E6E009C860F /* Story.swift */ = {isa = PBXFileReference; lastKnownFileType = sourcecode.swift; path = Story.swift; sourceTree = "<group>"; };
		91F281812BFE98CA009C860F /* StartTabView.swift */ = {isa = PBXFileReference; lastKnownFileType = sourcecode.swift; path = StartTabView.swift; sourceTree = "<group>"; };
		91F281872BFEB441009C860F /* SettingsScreenView.swift */ = {isa = PBXFileReference; lastKnownFileType = sourcecode.swift; path = SettingsScreenView.swift; sourceTree = "<group>"; };
/* End PBXFileReference section */

/* Begin PBXFrameworksBuildPhase section */
		9131FA972B9D99E300B25976 /* Frameworks */ = {
			isa = PBXFrameworksBuildPhase;
			buildActionMask = 2147483647;
			files = (
				918CA5F92BA01E640088CA5F /* OpenAPIURLSession in Frameworks */,
				918CA5F62BA01D920088CA5F /* OpenAPIRuntime in Frameworks */,
			);
			runOnlyForDeploymentPostprocessing = 0;
		};
/* End PBXFrameworksBuildPhase section */

/* Begin PBXGroup section */
		9131FA912B9D99E300B25976 = {
			isa = PBXGroup;
			children = (
				9131FA9C2B9D99E300B25976 /* TravelSchedule */,
				9131FA9B2B9D99E300B25976 /* Products */,
			);
			sourceTree = "<group>";
		};
		9131FA9B2B9D99E300B25976 /* Products */ = {
			isa = PBXGroup;
			children = (
				9131FA9A2B9D99E300B25976 /* TravelSchedule.app */,
			);
			name = Products;
			sourceTree = "<group>";
		};
		9131FA9C2B9D99E300B25976 /* TravelSchedule */ = {
			isa = PBXGroup;
			children = (
				917A50B72C1135A2005F2385 /* Content */,
				9164C9ED2C2D578900C0F854 /* Extensions */,
				9178F9BB2BE6C4F8000B89A8 /* DesignSystem */,
				918CA6042BA0EC3A0088CA5F /* NetworkRequestService */,
				9178F9CB2BE978F0000B89A8 /* Model */,
				9178F9CC2BE978FD000B89A8 /* ViewModel */,
				9178F9C92BE978DE000B89A8 /* View */,
				9178F9CD2BE97923000B89A8 /* SwiftUIProject */,
				9131FAA32B9D99E400B25976 /* Preview Content */,
				9178F9C42BE7A1D6000B89A8 /* Resources */,
			);
			path = TravelSchedule;
			sourceTree = "<group>";
		};
		9131FAA32B9D99E400B25976 /* Preview Content */ = {
			isa = PBXGroup;
			children = (
				9131FAA42B9D99E400B25976 /* Preview Assets.xcassets */,
			);
			path = "Preview Content";
			sourceTree = "<group>";
		};
		9164C9E92C2D4DD400C0F854 /* Stories */ = {
			isa = PBXGroup;
			children = (
				91F281772BFB9C13009C860F /* PreviewStoriesView.swift */,
				91F2817A2BFB9E32009C860F /* PreviewStoryCellView.swift */,
				9164C9F42C2D587900C0F854 /* Helpers */,
			);
			path = Stories;
			sourceTree = "<group>";
		};
		9164C9ED2C2D578900C0F854 /* Extensions */ = {
			isa = PBXGroup;
			children = (
				9164C9F12C2D57C500C0F854 /* CGFloat+Extension.swift */,
			);
			path = Extensions;
			sourceTree = "<group>";
		};
		9164C9F42C2D587900C0F854 /* Helpers */ = {
			isa = PBXGroup;
			children = (
				9164C9F82C2D58D200C0F854 /* CloseButton.swift */,
			);
			path = Helpers;
			sourceTree = "<group>";
		};
		9178F9BB2BE6C4F8000B89A8 /* DesignSystem */ = {
			isa = PBXGroup;
			children = (
				9178F9BE2BE6C55C000B89A8 /* Fonts+Extension.swift */,
				9178F9C52BE935DE000B89A8 /* Image+Extension.swift */,
			);
			path = DesignSystem;
			sourceTree = "<group>";
		};
		9178F9C42BE7A1D6000B89A8 /* Resources */ = {
			isa = PBXGroup;
			children = (
				9178F9C02BE6C8C6000B89A8 /* LaunchScreen.storyboard */,
				9131FAA12B9D99E400B25976 /* Assets.xcassets */,
			);
			path = Resources;
			sourceTree = "<group>";
		};
		9178F9C92BE978DE000B89A8 /* View */ = {
			isa = PBXGroup;
			children = (
				91F281812BFE98CA009C860F /* StartTabView.swift */,
				91F2816E2BFAC136009C860F /* StartScreen */,
				918FE3B52C050BE200323D1D /* CitiesScreen */,
				918FE3C02C052F5700323D1D /* StationsScreen */,
				918FE3CB2C06672300323D1D /* ScheduleScreen */,
				91F281862BFEB3FF009C860F /* SettingsScreen */,
				91F2816C2BFAB914009C860F /* ViewElements */,
				9178F9D02BE983CE000B89A8 /* ErrorView.swift */,
			);
			path = View;
			sourceTree = "<group>";
		};
		9178F9CB2BE978F0000B89A8 /* Model */ = {
			isa = PBXGroup;
			children = (
				91F281582BF93C62009C860F /* Carrier.swift */,
				9178F9CE2BE980C7000B89A8 /* City.swift */,
				917A50B42C110402005F2385 /* CurrentRote.swift */,
				917A50A42C0E4279005F2385 /* Destination.swift */,
				91955ECA2BF1529500BEA0FF /* ErrorType.swift */,
				91E739BA2C0D2B1C001DDC28 /* Filters.swift */,
				91F2815C2BF94E06009C860F /* Schedule.swift */,
				91F281552BF93AC7009C860F /* Station.swift */,
				91F2817D2BFB9E6E009C860F /* Story.swift */,
				91F2815E2BF95336009C860F /* MockData.swift */,
			);
			path = Model;
			sourceTree = "<group>";
		};
		9178F9CC2BE978FD000B89A8 /* ViewModel */ = {
			isa = PBXGroup;
			children = (
				917A50AA2C0F41D0005F2385 /* ScheduleViewModel.swift */,
			);
			path = ViewModel;
			sourceTree = "<group>";
		};
		9178F9CD2BE97923000B89A8 /* SwiftUIProject */ = {
			isa = PBXGroup;
			children = (
				9131FA9D2B9D99E300B25976 /* TravelScheduleApp.swift */,
			);
			path = SwiftUIProject;
			sourceTree = "<group>";
		};
		917A50B72C1135A2005F2385 /* Content */ = {
			isa = PBXGroup;
			children = (
				9131FA9F2B9D99E300B25976 /* ContentView.swift */,
				918CA6072BA0EED10088CA5F /* ContentPresenter.swift */,
			);
			path = Content;
			sourceTree = "<group>";
		};
		918CA6042BA0EC3A0088CA5F /* NetworkRequestService */ = {
			isa = PBXGroup;
			children = (
				918CA6002BA01FE00088CA5F /* NetworkRequestService.swift */,
				918CA6052BA0EC4C0088CA5F /* OpenApi */,
			);
			path = NetworkRequestService;
			sourceTree = "<group>";
		};
		918CA6052BA0EC4C0088CA5F /* OpenApi */ = {
			isa = PBXGroup;
			children = (
				918CA6062BA0EC560088CA5F /* openapi.yaml */,
				918CA5FE2BA01FA60088CA5F /* openapi-generator-config.yaml */,
			);
			path = OpenApi;
			sourceTree = "<group>";
		};
		918FE3B52C050BE200323D1D /* CitiesScreen */ = {
			isa = PBXGroup;
			children = (
				918FE3B92C050EC200323D1D /* CitiesScreenView.swift */,
				918FE3B62C050C2A00323D1D /* CityCellView.swift */,
			);
			path = CitiesScreen;
			sourceTree = "<group>";
		};
		918FE3C02C052F5700323D1D /* StationsScreen */ = {
			isa = PBXGroup;
			children = (
				918FE3C72C05310200323D1D /* StationsScreenView.swift */,
				918FE3C22C052F7F00323D1D /* StationCellView.swift */,
			);
			path = StationsScreen;
			sourceTree = "<group>";
		};
		918FE3CB2C06672300323D1D /* ScheduleScreen */ = {
			isa = PBXGroup;
			children = (
				918FE3D12C06800400323D1D /* ScheduleScreenView.swift */,
				918FE3CE2C06707300323D1D /* CarrierCellView.swift */,
				91E739AB2C0CBDE8001DDC28 /* RouteFilterScreen */,
				91E739A62C0C9B5B001DDC28 /* CarrierInfoScreen */,
			);
			path = ScheduleScreen;
			sourceTree = "<group>";
		};
		91E739A62C0C9B5B001DDC28 /* CarrierInfoScreen */ = {
			isa = PBXGroup;
			children = (
				91E739A72C0C9BD7001DDC28 /* CarrierInfoScreenView.swift */,
			);
			path = CarrierInfoScreen;
			sourceTree = "<group>";
		};
		91E739AB2C0CBDE8001DDC28 /* RouteFilterScreen */ = {
			isa = PBXGroup;
			children = (
				91E739AF2C0CBE04001DDC28 /* RouteFilterScreenView.swift */,
				91E739B32C0D0254001DDC28 /* TimeIntervalCell.swift */,
				91E739B62C0D0405001DDC28 /* TranferOptionCell.swift */,
			);
			path = RouteFilterScreen;
			sourceTree = "<group>";
		};
		91F2816C2BFAB914009C860F /* ViewElements */ = {
			isa = PBXGroup;
			children = (
				91F281652BFA9525009C860F /* SearchBar.swift */,
			);
			path = ViewElements;
			sourceTree = "<group>";
		};
		91F2816E2BFAC136009C860F /* StartScreen */ = {
			isa = PBXGroup;
			children = (
				91F281692BFAB8FB009C860F /* StartScreenView.swift */,
				91F281732BFAC1AD009C860F /* MainSearchView.swift */,
				9164C9E92C2D4DD400C0F854 /* Stories */,
			);
			path = StartScreen;
			sourceTree = "<group>";
		};
		91F281862BFEB3FF009C860F /* SettingsScreen */ = {
			isa = PBXGroup;
			children = (
				91F281872BFEB441009C860F /* SettingsScreenView.swift */,
				91A368042BFEC6DA00396463 /* AgreementView.swift */,
				91A368012BFEC33100396463 /* WebView.swift */,
			);
			path = SettingsScreen;
			sourceTree = "<group>";
		};
/* End PBXGroup section */

/* Begin PBXNativeTarget section */
		9131FA992B9D99E300B25976 /* TravelSchedule */ = {
			isa = PBXNativeTarget;
			buildConfigurationList = 9131FAA82B9D99E400B25976 /* Build configuration list for PBXNativeTarget "TravelSchedule" */;
			buildPhases = (
				9131FA962B9D99E300B25976 /* Sources */,
				9131FA972B9D99E300B25976 /* Frameworks */,
				9131FA982B9D99E300B25976 /* Resources */,
			);
			buildRules = (
			);
			dependencies = (
				918CA5FB2BA01F100088CA5F /* PBXTargetDependency */,
			);
			name = TravelSchedule;
			packageProductDependencies = (
				918CA5F52BA01D920088CA5F /* OpenAPIRuntime */,
				918CA5F82BA01E640088CA5F /* OpenAPIURLSession */,
			);
			productName = TravelSchedule;
			productReference = 9131FA9A2B9D99E300B25976 /* TravelSchedule.app */;
			productType = "com.apple.product-type.application";
		};
/* End PBXNativeTarget section */

/* Begin PBXProject section */
		9131FA922B9D99E300B25976 /* Project object */ = {
			isa = PBXProject;
			attributes = {
				BuildIndependentTargetsInParallel = 1;
				LastSwiftUpdateCheck = 1500;
				LastUpgradeCheck = 1500;
				TargetAttributes = {
					9131FA992B9D99E300B25976 = {
						CreatedOnToolsVersion = 15.0;
					};
				};
			};
			buildConfigurationList = 9131FA952B9D99E300B25976 /* Build configuration list for PBXProject "TravelSchedule" */;
			compatibilityVersion = "Xcode 14.0";
			developmentRegion = en;
			hasScannedForEncodings = 0;
			knownRegions = (
				en,
				Base,
				ru,
			);
			mainGroup = 9131FA912B9D99E300B25976;
			packageReferences = (
				918CA5EF2BA01D340088CA5F /* XCRemoteSwiftPackageReference "swift-openapi-generator" */,
				918CA5F42BA01D920088CA5F /* XCRemoteSwiftPackageReference "swift-openapi-runtime" */,
				918CA5F72BA01E640088CA5F /* XCRemoteSwiftPackageReference "swift-openapi-urlsession" */,
			);
			productRefGroup = 9131FA9B2B9D99E300B25976 /* Products */;
			projectDirPath = "";
			projectRoot = "";
			targets = (
				9131FA992B9D99E300B25976 /* TravelSchedule */,
			);
		};
/* End PBXProject section */

/* Begin PBXResourcesBuildPhase section */
		9131FA982B9D99E300B25976 /* Resources */ = {
			isa = PBXResourcesBuildPhase;
			buildActionMask = 2147483647;
			files = (
				9131FAA52B9D99E400B25976 /* Preview Assets.xcassets in Resources */,
				91C057302BA1FFB300CBD8F3 /* openapi.yaml in Resources */,
				918CA5FF2BA01FA60088CA5F /* openapi-generator-config.yaml in Resources */,
				9178F9C12BE6C8C6000B89A8 /* LaunchScreen.storyboard in Resources */,
				9131FAA22B9D99E400B25976 /* Assets.xcassets in Resources */,
			);
			runOnlyForDeploymentPostprocessing = 0;
		};
/* End PBXResourcesBuildPhase section */

/* Begin PBXSourcesBuildPhase section */
		9131FA962B9D99E300B25976 /* Sources */ = {
			isa = PBXSourcesBuildPhase;
			buildActionMask = 2147483647;
			files = (
				9178F9C62BE935DE000B89A8 /* Image+Extension.swift in Sources */,
				918CA6082BA0EED10088CA5F /* ContentPresenter.swift in Sources */,
				917A50A52C0E4279005F2385 /* Destination.swift in Sources */,
				91E739B72C0D0405001DDC28 /* TranferOptionCell.swift in Sources */,
				91F2817E2BFB9E6E009C860F /* Story.swift in Sources */,
				918FE3CF2C06707400323D1D /* CarrierCellView.swift in Sources */,
				9164C9F92C2D58D200C0F854 /* CloseButton.swift in Sources */,
				91F281662BFA9525009C860F /* SearchBar.swift in Sources */,
				9131FAA02B9D99E300B25976 /* ContentView.swift in Sources */,
				91F2815F2BF95336009C860F /* MockData.swift in Sources */,
				91F281742BFAC1AD009C860F /* MainSearchView.swift in Sources */,
				91F281592BF93C62009C860F /* Carrier.swift in Sources */,
				918CA6012BA01FE00088CA5F /* NetworkRequestService.swift in Sources */,
				9178F9BF2BE6C55C000B89A8 /* Fonts+Extension.swift in Sources */,
				918FE3D22C06800400323D1D /* ScheduleScreenView.swift in Sources */,
				91F281822BFE98CA009C860F /* StartTabView.swift in Sources */,
				918FE3C82C05310200323D1D /* StationsScreenView.swift in Sources */,
				918FE3B72C050C2A00323D1D /* CityCellView.swift in Sources */,
				91F2815D2BF94E06009C860F /* Schedule.swift in Sources */,
				91F281882BFEB441009C860F /* SettingsScreenView.swift in Sources */,
				918FE3C32C052F7F00323D1D /* StationCellView.swift in Sources */,
				918FE3BA2C050EC200323D1D /* CitiesScreenView.swift in Sources */,
				91E739B42C0D0254001DDC28 /* TimeIntervalCell.swift in Sources */,
				917A50AB2C0F41D0005F2385 /* ScheduleViewModel.swift in Sources */,
				91A368052BFEC6DA00396463 /* AgreementView.swift in Sources */,
				9164C9F22C2D57C500C0F854 /* CGFloat+Extension.swift in Sources */,
				9131FA9E2B9D99E300B25976 /* TravelScheduleApp.swift in Sources */,
				91F281782BFB9C13009C860F /* PreviewStoriesView.swift in Sources */,
				91F2817B2BFB9E32009C860F /* PreviewStoryCellView.swift in Sources */,
				91F281562BF93AC7009C860F /* Station.swift in Sources */,
				91E739B02C0CBE04001DDC28 /* RouteFilterScreenView.swift in Sources */,
				91955ECB2BF1529500BEA0FF /* ErrorType.swift in Sources */,
				9178F9CF2BE980C7000B89A8 /* City.swift in Sources */,
				91F2816A2BFAB8FC009C860F /* StartScreenView.swift in Sources */,
				917A50B52C110402005F2385 /* CurrentRote.swift in Sources */,
				9178F9D12BE983CE000B89A8 /* ErrorView.swift in Sources */,
				91A368022BFEC33100396463 /* WebView.swift in Sources */,
				91E739BB2C0D2B1C001DDC28 /* Filters.swift in Sources */,
				91E739A82C0C9BD7001DDC28 /* CarrierInfoScreenView.swift in Sources */,
			);
			runOnlyForDeploymentPostprocessing = 0;
		};
/* End PBXSourcesBuildPhase section */

/* Begin PBXTargetDependency section */
		918CA5FB2BA01F100088CA5F /* PBXTargetDependency */ = {
			isa = PBXTargetDependency;
			productRef = 918CA5FA2BA01F100088CA5F /* OpenAPIGenerator */;
		};
/* End PBXTargetDependency section */

/* Begin XCBuildConfiguration section */
		9131FAA62B9D99E400B25976 /* Debug */ = {
			isa = XCBuildConfiguration;
			buildSettings = {
				ALWAYS_SEARCH_USER_PATHS = NO;
				ASSETCATALOG_COMPILER_GENERATE_SWIFT_ASSET_SYMBOL_EXTENSIONS = YES;
				CLANG_ANALYZER_NONNULL = YES;
				CLANG_ANALYZER_NUMBER_OBJECT_CONVERSION = YES_AGGRESSIVE;
				CLANG_CXX_LANGUAGE_STANDARD = "gnu++20";
				CLANG_ENABLE_MODULES = YES;
				CLANG_ENABLE_OBJC_ARC = YES;
				CLANG_ENABLE_OBJC_WEAK = YES;
				CLANG_WARN_BLOCK_CAPTURE_AUTORELEASING = YES;
				CLANG_WARN_BOOL_CONVERSION = YES;
				CLANG_WARN_COMMA = YES;
				CLANG_WARN_CONSTANT_CONVERSION = YES;
				CLANG_WARN_DEPRECATED_OBJC_IMPLEMENTATIONS = YES;
				CLANG_WARN_DIRECT_OBJC_ISA_USAGE = YES_ERROR;
				CLANG_WARN_DOCUMENTATION_COMMENTS = YES;
				CLANG_WARN_EMPTY_BODY = YES;
				CLANG_WARN_ENUM_CONVERSION = YES;
				CLANG_WARN_INFINITE_RECURSION = YES;
				CLANG_WARN_INT_CONVERSION = YES;
				CLANG_WARN_NON_LITERAL_NULL_CONVERSION = YES;
				CLANG_WARN_OBJC_IMPLICIT_RETAIN_SELF = YES;
				CLANG_WARN_OBJC_LITERAL_CONVERSION = YES;
				CLANG_WARN_OBJC_ROOT_CLASS = YES_ERROR;
				CLANG_WARN_QUOTED_INCLUDE_IN_FRAMEWORK_HEADER = YES;
				CLANG_WARN_RANGE_LOOP_ANALYSIS = YES;
				CLANG_WARN_STRICT_PROTOTYPES = YES;
				CLANG_WARN_SUSPICIOUS_MOVE = YES;
				CLANG_WARN_UNGUARDED_AVAILABILITY = YES_AGGRESSIVE;
				CLANG_WARN_UNREACHABLE_CODE = YES;
				CLANG_WARN__DUPLICATE_METHOD_MATCH = YES;
				COPY_PHASE_STRIP = NO;
				DEBUG_INFORMATION_FORMAT = dwarf;
				ENABLE_STRICT_OBJC_MSGSEND = YES;
				ENABLE_TESTABILITY = YES;
				ENABLE_USER_SCRIPT_SANDBOXING = YES;
				GCC_C_LANGUAGE_STANDARD = gnu17;
				GCC_DYNAMIC_NO_PIC = NO;
				GCC_NO_COMMON_BLOCKS = YES;
				GCC_OPTIMIZATION_LEVEL = 0;
				GCC_PREPROCESSOR_DEFINITIONS = (
					"DEBUG=1",
					"$(inherited)",
				);
				GCC_WARN_64_TO_32_BIT_CONVERSION = YES;
				GCC_WARN_ABOUT_RETURN_TYPE = YES_ERROR;
				GCC_WARN_UNDECLARED_SELECTOR = YES;
				GCC_WARN_UNINITIALIZED_AUTOS = YES_AGGRESSIVE;
				GCC_WARN_UNUSED_FUNCTION = YES;
				GCC_WARN_UNUSED_VARIABLE = YES;
				IPHONEOS_DEPLOYMENT_TARGET = 16.0;
				LOCALIZATION_PREFERS_STRING_CATALOGS = YES;
				MTL_ENABLE_DEBUG_INFO = INCLUDE_SOURCE;
				MTL_FAST_MATH = YES;
				ONLY_ACTIVE_ARCH = YES;
				SDKROOT = iphoneos;
				SWIFT_ACTIVE_COMPILATION_CONDITIONS = "DEBUG $(inherited)";
				SWIFT_OPTIMIZATION_LEVEL = "-Onone";
			};
			name = Debug;
		};
		9131FAA72B9D99E400B25976 /* Release */ = {
			isa = XCBuildConfiguration;
			buildSettings = {
				ALWAYS_SEARCH_USER_PATHS = NO;
				ASSETCATALOG_COMPILER_GENERATE_SWIFT_ASSET_SYMBOL_EXTENSIONS = YES;
				CLANG_ANALYZER_NONNULL = YES;
				CLANG_ANALYZER_NUMBER_OBJECT_CONVERSION = YES_AGGRESSIVE;
				CLANG_CXX_LANGUAGE_STANDARD = "gnu++20";
				CLANG_ENABLE_MODULES = YES;
				CLANG_ENABLE_OBJC_ARC = YES;
				CLANG_ENABLE_OBJC_WEAK = YES;
				CLANG_WARN_BLOCK_CAPTURE_AUTORELEASING = YES;
				CLANG_WARN_BOOL_CONVERSION = YES;
				CLANG_WARN_COMMA = YES;
				CLANG_WARN_CONSTANT_CONVERSION = YES;
				CLANG_WARN_DEPRECATED_OBJC_IMPLEMENTATIONS = YES;
				CLANG_WARN_DIRECT_OBJC_ISA_USAGE = YES_ERROR;
				CLANG_WARN_DOCUMENTATION_COMMENTS = YES;
				CLANG_WARN_EMPTY_BODY = YES;
				CLANG_WARN_ENUM_CONVERSION = YES;
				CLANG_WARN_INFINITE_RECURSION = YES;
				CLANG_WARN_INT_CONVERSION = YES;
				CLANG_WARN_NON_LITERAL_NULL_CONVERSION = YES;
				CLANG_WARN_OBJC_IMPLICIT_RETAIN_SELF = YES;
				CLANG_WARN_OBJC_LITERAL_CONVERSION = YES;
				CLANG_WARN_OBJC_ROOT_CLASS = YES_ERROR;
				CLANG_WARN_QUOTED_INCLUDE_IN_FRAMEWORK_HEADER = YES;
				CLANG_WARN_RANGE_LOOP_ANALYSIS = YES;
				CLANG_WARN_STRICT_PROTOTYPES = YES;
				CLANG_WARN_SUSPICIOUS_MOVE = YES;
				CLANG_WARN_UNGUARDED_AVAILABILITY = YES_AGGRESSIVE;
				CLANG_WARN_UNREACHABLE_CODE = YES;
				CLANG_WARN__DUPLICATE_METHOD_MATCH = YES;
				COPY_PHASE_STRIP = NO;
				DEBUG_INFORMATION_FORMAT = "dwarf-with-dsym";
				ENABLE_NS_ASSERTIONS = NO;
				ENABLE_STRICT_OBJC_MSGSEND = YES;
				ENABLE_USER_SCRIPT_SANDBOXING = YES;
				GCC_C_LANGUAGE_STANDARD = gnu17;
				GCC_NO_COMMON_BLOCKS = YES;
				GCC_WARN_64_TO_32_BIT_CONVERSION = YES;
				GCC_WARN_ABOUT_RETURN_TYPE = YES_ERROR;
				GCC_WARN_UNDECLARED_SELECTOR = YES;
				GCC_WARN_UNINITIALIZED_AUTOS = YES_AGGRESSIVE;
				GCC_WARN_UNUSED_FUNCTION = YES;
				GCC_WARN_UNUSED_VARIABLE = YES;
				IPHONEOS_DEPLOYMENT_TARGET = 16.0;
				LOCALIZATION_PREFERS_STRING_CATALOGS = YES;
				MTL_ENABLE_DEBUG_INFO = NO;
				MTL_FAST_MATH = YES;
				SDKROOT = iphoneos;
				SWIFT_COMPILATION_MODE = wholemodule;
				VALIDATE_PRODUCT = YES;
			};
			name = Release;
		};
		9131FAA92B9D99E400B25976 /* Debug */ = {
			isa = XCBuildConfiguration;
			buildSettings = {
				ASSETCATALOG_COMPILER_APPICON_NAME = AppIcon;
				ASSETCATALOG_COMPILER_GLOBAL_ACCENT_COLOR_NAME = AccentColor;
				CODE_SIGN_STYLE = Automatic;
				CURRENT_PROJECT_VERSION = 1;
				DEVELOPMENT_ASSET_PATHS = "\"TravelSchedule/Preview Content\"";
				DEVELOPMENT_TEAM = 6HXBQFPFB3;
				ENABLE_PREVIEWS = YES;
				GENERATE_INFOPLIST_FILE = YES;
				INFOPLIST_KEY_UIApplicationSceneManifest_Generation = YES;
				INFOPLIST_KEY_UIApplicationSupportsIndirectInputEvents = YES;
				INFOPLIST_KEY_UILaunchScreen_Generation = YES;
				INFOPLIST_KEY_UILaunchStoryboardName = LaunchScreen.storyboard;
				INFOPLIST_KEY_UISupportedInterfaceOrientations = UIInterfaceOrientationPortrait;
				INFOPLIST_KEY_UISupportedInterfaceOrientations_iPad = "UIInterfaceOrientationLandscapeLeft UIInterfaceOrientationLandscapeRight UIInterfaceOrientationPortrait UIInterfaceOrientationPortraitUpsideDown";
				IPHONEOS_DEPLOYMENT_TARGET = 16.0;
				LD_RUNPATH_SEARCH_PATHS = (
					"$(inherited)",
					"@executable_path/Frameworks",
				);
				MARKETING_VERSION = 1.0;
				PRODUCT_BUNDLE_IDENTIFIER = ru.yandex.ArtemDubovitskiy.practicum.TravelSchedule;
				PRODUCT_NAME = "$(TARGET_NAME)";
				SUPPORTED_PLATFORMS = "iphoneos iphonesimulator";
				SUPPORTS_MACCATALYST = NO;
				SUPPORTS_MAC_DESIGNED_FOR_IPHONE_IPAD = NO;
				SWIFT_EMIT_LOC_STRINGS = YES;
				SWIFT_VERSION = 5.0;
				TARGETED_DEVICE_FAMILY = 1;
			};
			name = Debug;
		};
		9131FAAA2B9D99E400B25976 /* Release */ = {
			isa = XCBuildConfiguration;
			buildSettings = {
				ASSETCATALOG_COMPILER_APPICON_NAME = AppIcon;
				ASSETCATALOG_COMPILER_GLOBAL_ACCENT_COLOR_NAME = AccentColor;
				CODE_SIGN_STYLE = Automatic;
				CURRENT_PROJECT_VERSION = 1;
				DEVELOPMENT_ASSET_PATHS = "\"TravelSchedule/Preview Content\"";
				DEVELOPMENT_TEAM = 6HXBQFPFB3;
				ENABLE_PREVIEWS = YES;
				GENERATE_INFOPLIST_FILE = YES;
				INFOPLIST_KEY_UIApplicationSceneManifest_Generation = YES;
				INFOPLIST_KEY_UIApplicationSupportsIndirectInputEvents = YES;
				INFOPLIST_KEY_UILaunchScreen_Generation = YES;
				INFOPLIST_KEY_UILaunchStoryboardName = LaunchScreen.storyboard;
				INFOPLIST_KEY_UISupportedInterfaceOrientations = UIInterfaceOrientationPortrait;
				INFOPLIST_KEY_UISupportedInterfaceOrientations_iPad = "UIInterfaceOrientationLandscapeLeft UIInterfaceOrientationLandscapeRight UIInterfaceOrientationPortrait UIInterfaceOrientationPortraitUpsideDown";
				IPHONEOS_DEPLOYMENT_TARGET = 16.0;
				LD_RUNPATH_SEARCH_PATHS = (
					"$(inherited)",
					"@executable_path/Frameworks",
				);
				MARKETING_VERSION = 1.0;
				PRODUCT_BUNDLE_IDENTIFIER = ru.yandex.ArtemDubovitskiy.practicum.TravelSchedule;
				PRODUCT_NAME = "$(TARGET_NAME)";
				SUPPORTED_PLATFORMS = "iphoneos iphonesimulator";
				SUPPORTS_MACCATALYST = NO;
				SUPPORTS_MAC_DESIGNED_FOR_IPHONE_IPAD = NO;
				SWIFT_EMIT_LOC_STRINGS = YES;
				SWIFT_VERSION = 5.0;
				TARGETED_DEVICE_FAMILY = 1;
			};
			name = Release;
		};
/* End XCBuildConfiguration section */

/* Begin XCConfigurationList section */
		9131FA952B9D99E300B25976 /* Build configuration list for PBXProject "TravelSchedule" */ = {
			isa = XCConfigurationList;
			buildConfigurations = (
				9131FAA62B9D99E400B25976 /* Debug */,
				9131FAA72B9D99E400B25976 /* Release */,
			);
			defaultConfigurationIsVisible = 0;
			defaultConfigurationName = Release;
		};
		9131FAA82B9D99E400B25976 /* Build configuration list for PBXNativeTarget "TravelSchedule" */ = {
			isa = XCConfigurationList;
			buildConfigurations = (
				9131FAA92B9D99E400B25976 /* Debug */,
				9131FAAA2B9D99E400B25976 /* Release */,
			);
			defaultConfigurationIsVisible = 0;
			defaultConfigurationName = Release;
		};
/* End XCConfigurationList section */

/* Begin XCRemoteSwiftPackageReference section */
		918CA5EF2BA01D340088CA5F /* XCRemoteSwiftPackageReference "swift-openapi-generator" */ = {
			isa = XCRemoteSwiftPackageReference;
			repositoryURL = "https://github.com/apple/swift-openapi-generator";
			requirement = {
				kind = upToNextMajorVersion;
				minimumVersion = 1.2.1;
			};
		};
		918CA5F42BA01D920088CA5F /* XCRemoteSwiftPackageReference "swift-openapi-runtime" */ = {
			isa = XCRemoteSwiftPackageReference;
			repositoryURL = "https://github.com/apple/swift-openapi-runtime";
			requirement = {
				kind = upToNextMajorVersion;
				minimumVersion = 1.3.2;
			};
		};
		918CA5F72BA01E640088CA5F /* XCRemoteSwiftPackageReference "swift-openapi-urlsession" */ = {
			isa = XCRemoteSwiftPackageReference;
			repositoryURL = "https://github.com/apple/swift-openapi-urlsession";
			requirement = {
				kind = upToNextMajorVersion;
				minimumVersion = 1.0.1;
			};
		};
/* End XCRemoteSwiftPackageReference section */

/* Begin XCSwiftPackageProductDependency section */
		918CA5F52BA01D920088CA5F /* OpenAPIRuntime */ = {
			isa = XCSwiftPackageProductDependency;
			package = 918CA5F42BA01D920088CA5F /* XCRemoteSwiftPackageReference "swift-openapi-runtime" */;
			productName = OpenAPIRuntime;
		};
		918CA5F82BA01E640088CA5F /* OpenAPIURLSession */ = {
			isa = XCSwiftPackageProductDependency;
			package = 918CA5F72BA01E640088CA5F /* XCRemoteSwiftPackageReference "swift-openapi-urlsession" */;
			productName = OpenAPIURLSession;
		};
		918CA5FA2BA01F100088CA5F /* OpenAPIGenerator */ = {
			isa = XCSwiftPackageProductDependency;
			package = 918CA5EF2BA01D340088CA5F /* XCRemoteSwiftPackageReference "swift-openapi-generator" */;
			productName = "plugin:OpenAPIGenerator";
		};
/* End XCSwiftPackageProductDependency section */
	};
	rootObject = 9131FA922B9D99E300B25976 /* Project object */;
}
