// !$*UTF8*$!
{
	archiveVersion = 1;
	classes = {
	};
	objectVersion = 56;
	objects = {

/* Begin PBXBuildFile section */
		9131FA9E2B9D99E300B25976 /* TravelScheduleApp.swift in Sources */ = {isa = PBXBuildFile; fileRef = 9131FA9D2B9D99E300B25976 /* TravelScheduleApp.swift */; };
		9131FAA02B9D99E300B25976 /* ContentView.swift in Sources */ = {isa = PBXBuildFile; fileRef = 9131FA9F2B9D99E300B25976 /* ContentView.swift */; };
		9131FAA22B9D99E400B25976 /* Assets.xcassets in Resources */ = {isa = PBXBuildFile; fileRef = 9131FAA12B9D99E400B25976 /* Assets.xcassets */; };
		9131FAA52B9D99E400B25976 /* Preview Assets.xcassets in Resources */ = {isa = PBXBuildFile; fileRef = 9131FAA42B9D99E400B25976 /* Preview Assets.xcassets */; };
		918CA5F62BA01D920088CA5F /* OpenAPIRuntime in Frameworks */ = {isa = PBXBuildFile; productRef = 918CA5F52BA01D920088CA5F /* OpenAPIRuntime */; };
		918CA5F92BA01E640088CA5F /* OpenAPIURLSession in Frameworks */ = {isa = PBXBuildFile; productRef = 918CA5F82BA01E640088CA5F /* OpenAPIURLSession */; };
		918CA5FF2BA01FA60088CA5F /* openapi-generator-config.yaml in Resources */ = {isa = PBXBuildFile; fileRef = 918CA5FE2BA01FA60088CA5F /* openapi-generator-config.yaml */; };
		918CA6012BA01FE00088CA5F /* NetworkRequestService.swift in Sources */ = {isa = PBXBuildFile; fileRef = 918CA6002BA01FE00088CA5F /* NetworkRequestService.swift */; };
		918CA6082BA0EED10088CA5F /* ContentPresenter.swift in Sources */ = {isa = PBXBuildFile; fileRef = 918CA6072BA0EED10088CA5F /* ContentPresenter.swift */; };
		91C057302BA1FFB300CBD8F3 /* openapi.yaml in Resources */ = {isa = PBXBuildFile; fileRef = 918CA6062BA0EC560088CA5F /* openapi.yaml */; };
/* End PBXBuildFile section */

/* Begin PBXFileReference section */
		9131FA9A2B9D99E300B25976 /* TravelSchedule.app */ = {isa = PBXFileReference; explicitFileType = wrapper.application; includeInIndex = 0; path = TravelSchedule.app; sourceTree = BUILT_PRODUCTS_DIR; };
		9131FA9D2B9D99E300B25976 /* TravelScheduleApp.swift */ = {isa = PBXFileReference; lastKnownFileType = sourcecode.swift; path = TravelScheduleApp.swift; sourceTree = "<group>"; };
		9131FA9F2B9D99E300B25976 /* ContentView.swift */ = {isa = PBXFileReference; lastKnownFileType = sourcecode.swift; path = ContentView.swift; sourceTree = "<group>"; };
		9131FAA12B9D99E400B25976 /* Assets.xcassets */ = {isa = PBXFileReference; lastKnownFileType = folder.assetcatalog; path = Assets.xcassets; sourceTree = "<group>"; };
		9131FAA42B9D99E400B25976 /* Preview Assets.xcassets */ = {isa = PBXFileReference; lastKnownFileType = folder.assetcatalog; path = "Preview Assets.xcassets"; sourceTree = "<group>"; };
		918CA5FE2BA01FA60088CA5F /* openapi-generator-config.yaml */ = {isa = PBXFileReference; lastKnownFileType = text.yaml; path = "openapi-generator-config.yaml"; sourceTree = "<group>"; };
		918CA6002BA01FE00088CA5F /* NetworkRequestService.swift */ = {isa = PBXFileReference; lastKnownFileType = sourcecode.swift; path = NetworkRequestService.swift; sourceTree = "<group>"; };
		918CA6062BA0EC560088CA5F /* openapi.yaml */ = {isa = PBXFileReference; lastKnownFileType = text.yaml; path = openapi.yaml; sourceTree = "<group>"; };
		918CA6072BA0EED10088CA5F /* ContentPresenter.swift */ = {isa = PBXFileReference; lastKnownFileType = sourcecode.swift; path = ContentPresenter.swift; sourceTree = "<group>"; };
/* End PBXFileReference section */

/* Begin PBXFrameworksBuildPhase section */
		9131FA972B9D99E300B25976 /* Frameworks */ = {
			isa = PBXFrameworksBuildPhase;
			buildActionMask = 2147483647;
			files = (
				918CA5F92BA01E640088CA5F /* OpenAPIURLSession in Frameworks */,
				918CA5F62BA01D920088CA5F /* OpenAPIRuntime in Frameworks */,
			);
			runOnlyForDeploymentPostprocessing = 0;
		};
/* End PBXFrameworksBuildPhase section */

/* Begin PBXGroup section */
		9131FA912B9D99E300B25976 = {
			isa = PBXGroup;
			children = (
				9131FA9C2B9D99E300B25976 /* TravelSchedule */,
				9131FA9B2B9D99E300B25976 /* Products */,
			);
			sourceTree = "<group>";
		};
		9131FA9B2B9D99E300B25976 /* Products */ = {
			isa = PBXGroup;
			children = (
				9131FA9A2B9D99E300B25976 /* TravelSchedule.app */,
			);
			name = Products;
			sourceTree = "<group>";
		};
		9131FA9C2B9D99E300B25976 /* TravelSchedule */ = {
			isa = PBXGroup;
			children = (
				918CA6042BA0EC3A0088CA5F /* NetworkRequestService */,
				9131FA9F2B9D99E300B25976 /* ContentView.swift */,
				918CA6072BA0EED10088CA5F /* ContentPresenter.swift */,
				9131FA9D2B9D99E300B25976 /* TravelScheduleApp.swift */,
				9131FAA12B9D99E400B25976 /* Assets.xcassets */,
				9131FAA32B9D99E400B25976 /* Preview Content */,
			);
			path = TravelSchedule;
			sourceTree = "<group>";
		};
		9131FAA32B9D99E400B25976 /* Preview Content */ = {
			isa = PBXGroup;
			children = (
				9131FAA42B9D99E400B25976 /* Preview Assets.xcassets */,
			);
			path = "Preview Content";
			sourceTree = "<group>";
		};
		918CA6042BA0EC3A0088CA5F /* NetworkRequestService */ = {
			isa = PBXGroup;
			children = (
				918CA6002BA01FE00088CA5F /* NetworkRequestService.swift */,
				918CA6052BA0EC4C0088CA5F /* OpenApi */,
			);
			path = NetworkRequestService;
			sourceTree = "<group>";
		};
		918CA6052BA0EC4C0088CA5F /* OpenApi */ = {
			isa = PBXGroup;
			children = (
				918CA6062BA0EC560088CA5F /* openapi.yaml */,
				918CA5FE2BA01FA60088CA5F /* openapi-generator-config.yaml */,
			);
			path = OpenApi;
			sourceTree = "<group>";
		};
/* End PBXGroup section */

/* Begin PBXNativeTarget section */
		9131FA992B9D99E300B25976 /* TravelSchedule */ = {
			isa = PBXNativeTarget;
			buildConfigurationList = 9131FAA82B9D99E400B25976 /* Build configuration list for PBXNativeTarget "TravelSchedule" */;
			buildPhases = (
				9131FA962B9D99E300B25976 /* Sources */,
				9131FA972B9D99E300B25976 /* Frameworks */,
				9131FA982B9D99E300B25976 /* Resources */,
			);
			buildRules = (
			);
			dependencies = (
				918CA5FB2BA01F100088CA5F /* PBXTargetDependency */,
			);
			name = TravelSchedule;
			packageProductDependencies = (
				918CA5F52BA01D920088CA5F /* OpenAPIRuntime */,
				918CA5F82BA01E640088CA5F /* OpenAPIURLSession */,
			);
			productName = TravelSchedule;
			productReference = 9131FA9A2B9D99E300B25976 /* TravelSchedule.app */;
			productType = "com.apple.product-type.application";
		};
/* End PBXNativeTarget section */

/* Begin PBXProject section */
		9131FA922B9D99E300B25976 /* Project object */ = {
			isa = PBXProject;
			attributes = {
				BuildIndependentTargetsInParallel = 1;
				LastSwiftUpdateCheck = 1500;
				LastUpgradeCheck = 1500;
				TargetAttributes = {
					9131FA992B9D99E300B25976 = {
						CreatedOnToolsVersion = 15.0;
					};
				};
			};
			buildConfigurationList = 9131FA952B9D99E300B25976 /* Build configuration list for PBXProject "TravelSchedule" */;
			compatibilityVersion = "Xcode 14.0";
			developmentRegion = en;
			hasScannedForEncodings = 0;
			knownRegions = (
				en,
				Base,
			);
			mainGroup = 9131FA912B9D99E300B25976;
			packageReferences = (
				918CA5EF2BA01D340088CA5F /* XCRemoteSwiftPackageReference "swift-openapi-generator" */,
				918CA5F42BA01D920088CA5F /* XCRemoteSwiftPackageReference "swift-openapi-runtime" */,
				918CA5F72BA01E640088CA5F /* XCRemoteSwiftPackageReference "swift-openapi-urlsession" */,
			);
			productRefGroup = 9131FA9B2B9D99E300B25976 /* Products */;
			projectDirPath = "";
			projectRoot = "";
			targets = (
				9131FA992B9D99E300B25976 /* TravelSchedule */,
			);
		};
/* End PBXProject section */

/* Begin PBXResourcesBuildPhase section */
		9131FA982B9D99E300B25976 /* Resources */ = {
			isa = PBXResourcesBuildPhase;
			buildActionMask = 2147483647;
			files = (
				9131FAA52B9D99E400B25976 /* Preview Assets.xcassets in Resources */,
				91C057302BA1FFB300CBD8F3 /* openapi.yaml in Resources */,
				918CA5FF2BA01FA60088CA5F /* openapi-generator-config.yaml in Resources */,
				9131FAA22B9D99E400B25976 /* Assets.xcassets in Resources */,
			);
			runOnlyForDeploymentPostprocessing = 0;
		};
/* End PBXResourcesBuildPhase section */

/* Begin PBXSourcesBuildPhase section */
		9131FA962B9D99E300B25976 /* Sources */ = {
			isa = PBXSourcesBuildPhase;
			buildActionMask = 2147483647;
			files = (
				918CA6082BA0EED10088CA5F /* ContentPresenter.swift in Sources */,
				9131FAA02B9D99E300B25976 /* ContentView.swift in Sources */,
				918CA6012BA01FE00088CA5F /* NetworkRequestService.swift in Sources */,
				9131FA9E2B9D99E300B25976 /* TravelScheduleApp.swift in Sources */,
			);
			runOnlyForDeploymentPostprocessing = 0;
		};
/* End PBXSourcesBuildPhase section */

/* Begin PBXTargetDependency section */
		918CA5FB2BA01F100088CA5F /* PBXTargetDependency */ = {
			isa = PBXTargetDependency;
			productRef = 918CA5FA2BA01F100088CA5F /* OpenAPIGenerator */;
		};
/* End PBXTargetDependency section */

/* Begin XCBuildConfiguration section */
		9131FAA62B9D99E400B25976 /* Debug */ = {
			isa = XCBuildConfiguration;
			buildSettings = {
				ALWAYS_SEARCH_USER_PATHS = NO;
				ASSETCATALOG_COMPILER_GENERATE_SWIFT_ASSET_SYMBOL_EXTENSIONS = YES;
				CLANG_ANALYZER_NONNULL = YES;
				CLANG_ANALYZER_NUMBER_OBJECT_CONVERSION = YES_AGGRESSIVE;
				CLANG_CXX_LANGUAGE_STANDARD = "gnu++20";
				CLANG_ENABLE_MODULES = YES;
				CLANG_ENABLE_OBJC_ARC = YES;
				CLANG_ENABLE_OBJC_WEAK = YES;
				CLANG_WARN_BLOCK_CAPTURE_AUTORELEASING = YES;
				CLANG_WARN_BOOL_CONVERSION = YES;
				CLANG_WARN_COMMA = YES;
				CLANG_WARN_CONSTANT_CONVERSION = YES;
				CLANG_WARN_DEPRECATED_OBJC_IMPLEMENTATIONS = YES;
				CLANG_WARN_DIRECT_OBJC_ISA_USAGE = YES_ERROR;
				CLANG_WARN_DOCUMENTATION_COMMENTS = YES;
				CLANG_WARN_EMPTY_BODY = YES;
				CLANG_WARN_ENUM_CONVERSION = YES;
				CLANG_WARN_INFINITE_RECURSION = YES;
				CLANG_WARN_INT_CONVERSION = YES;
				CLANG_WARN_NON_LITERAL_NULL_CONVERSION = YES;
				CLANG_WARN_OBJC_IMPLICIT_RETAIN_SELF = YES;
				CLANG_WARN_OBJC_LITERAL_CONVERSION = YES;
				CLANG_WARN_OBJC_ROOT_CLASS = YES_ERROR;
				CLANG_WARN_QUOTED_INCLUDE_IN_FRAMEWORK_HEADER = YES;
				CLANG_WARN_RANGE_LOOP_ANALYSIS = YES;
				CLANG_WARN_STRICT_PROTOTYPES = YES;
				CLANG_WARN_SUSPICIOUS_MOVE = YES;
				CLANG_WARN_UNGUARDED_AVAILABILITY = YES_AGGRESSIVE;
				CLANG_WARN_UNREACHABLE_CODE = YES;
				CLANG_WARN__DUPLICATE_METHOD_MATCH = YES;
				COPY_PHASE_STRIP = NO;
				DEBUG_INFORMATION_FORMAT = dwarf;
				ENABLE_STRICT_OBJC_MSGSEND = YES;
				ENABLE_TESTABILITY = YES;
				ENABLE_USER_SCRIPT_SANDBOXING = YES;
				GCC_C_LANGUAGE_STANDARD = gnu17;
				GCC_DYNAMIC_NO_PIC = NO;
				GCC_NO_COMMON_BLOCKS = YES;
				GCC_OPTIMIZATION_LEVEL = 0;
				GCC_PREPROCESSOR_DEFINITIONS = (
					"DEBUG=1",
					"$(inherited)",
				);
				GCC_WARN_64_TO_32_BIT_CONVERSION = YES;
				GCC_WARN_ABOUT_RETURN_TYPE = YES_ERROR;
				GCC_WARN_UNDECLARED_SELECTOR = YES;
				GCC_WARN_UNINITIALIZED_AUTOS = YES_AGGRESSIVE;
				GCC_WARN_UNUSED_FUNCTION = YES;
				GCC_WARN_UNUSED_VARIABLE = YES;
				IPHONEOS_DEPLOYMENT_TARGET = 15.0;
				LOCALIZATION_PREFERS_STRING_CATALOGS = YES;
				MTL_ENABLE_DEBUG_INFO = INCLUDE_SOURCE;
				MTL_FAST_MATH = YES;
				ONLY_ACTIVE_ARCH = YES;
				SDKROOT = iphoneos;
				SWIFT_ACTIVE_COMPILATION_CONDITIONS = "DEBUG $(inherited)";
				SWIFT_OPTIMIZATION_LEVEL = "-Onone";
			};
			name = Debug;
		};
		9131FAA72B9D99E400B25976 /* Release */ = {
			isa = XCBuildConfiguration;
			buildSettings = {
				ALWAYS_SEARCH_USER_PATHS = NO;
				ASSETCATALOG_COMPILER_GENERATE_SWIFT_ASSET_SYMBOL_EXTENSIONS = YES;
				CLANG_ANALYZER_NONNULL = YES;
				CLANG_ANALYZER_NUMBER_OBJECT_CONVERSION = YES_AGGRESSIVE;
				CLANG_CXX_LANGUAGE_STANDARD = "gnu++20";
				CLANG_ENABLE_MODULES = YES;
				CLANG_ENABLE_OBJC_ARC = YES;
				CLANG_ENABLE_OBJC_WEAK = YES;
				CLANG_WARN_BLOCK_CAPTURE_AUTORELEASING = YES;
				CLANG_WARN_BOOL_CONVERSION = YES;
				CLANG_WARN_COMMA = YES;
				CLANG_WARN_CONSTANT_CONVERSION = YES;
				CLANG_WARN_DEPRECATED_OBJC_IMPLEMENTATIONS = YES;
				CLANG_WARN_DIRECT_OBJC_ISA_USAGE = YES_ERROR;
				CLANG_WARN_DOCUMENTATION_COMMENTS = YES;
				CLANG_WARN_EMPTY_BODY = YES;
				CLANG_WARN_ENUM_CONVERSION = YES;
				CLANG_WARN_INFINITE_RECURSION = YES;
				CLANG_WARN_INT_CONVERSION = YES;
				CLANG_WARN_NON_LITERAL_NULL_CONVERSION = YES;
				CLANG_WARN_OBJC_IMPLICIT_RETAIN_SELF = YES;
				CLANG_WARN_OBJC_LITERAL_CONVERSION = YES;
				CLANG_WARN_OBJC_ROOT_CLASS = YES_ERROR;
				CLANG_WARN_QUOTED_INCLUDE_IN_FRAMEWORK_HEADER = YES;
				CLANG_WARN_RANGE_LOOP_ANALYSIS = YES;
				CLANG_WARN_STRICT_PROTOTYPES = YES;
				CLANG_WARN_SUSPICIOUS_MOVE = YES;
				CLANG_WARN_UNGUARDED_AVAILABILITY = YES_AGGRESSIVE;
				CLANG_WARN_UNREACHABLE_CODE = YES;
				CLANG_WARN__DUPLICATE_METHOD_MATCH = YES;
				COPY_PHASE_STRIP = NO;
				DEBUG_INFORMATION_FORMAT = "dwarf-with-dsym";
				ENABLE_NS_ASSERTIONS = NO;
				ENABLE_STRICT_OBJC_MSGSEND = YES;
				ENABLE_USER_SCRIPT_SANDBOXING = YES;
				GCC_C_LANGUAGE_STANDARD = gnu17;
				GCC_NO_COMMON_BLOCKS = YES;
				GCC_WARN_64_TO_32_BIT_CONVERSION = YES;
				GCC_WARN_ABOUT_RETURN_TYPE = YES_ERROR;
				GCC_WARN_UNDECLARED_SELECTOR = YES;
				GCC_WARN_UNINITIALIZED_AUTOS = YES_AGGRESSIVE;
				GCC_WARN_UNUSED_FUNCTION = YES;
				GCC_WARN_UNUSED_VARIABLE = YES;
				IPHONEOS_DEPLOYMENT_TARGET = 15.0;
				LOCALIZATION_PREFERS_STRING_CATALOGS = YES;
				MTL_ENABLE_DEBUG_INFO = NO;
				MTL_FAST_MATH = YES;
				SDKROOT = iphoneos;
				SWIFT_COMPILATION_MODE = wholemodule;
				VALIDATE_PRODUCT = YES;
			};
			name = Release;
		};
		9131FAA92B9D99E400B25976 /* Debug */ = {
			isa = XCBuildConfiguration;
			buildSettings = {
				ASSETCATALOG_COMPILER_APPICON_NAME = AppIcon;
				ASSETCATALOG_COMPILER_GLOBAL_ACCENT_COLOR_NAME = AccentColor;
				CODE_SIGN_STYLE = Automatic;
				CURRENT_PROJECT_VERSION = 1;
				DEVELOPMENT_ASSET_PATHS = "\"TravelSchedule/Preview Content\"";
				DEVELOPMENT_TEAM = 6HXBQFPFB3;
				ENABLE_PREVIEWS = YES;
				GENERATE_INFOPLIST_FILE = YES;
				INFOPLIST_KEY_UIApplicationSceneManifest_Generation = YES;
				INFOPLIST_KEY_UIApplicationSupportsIndirectInputEvents = YES;
				INFOPLIST_KEY_UILaunchScreen_Generation = YES;
				INFOPLIST_KEY_UISupportedInterfaceOrientations_iPad = "UIInterfaceOrientationPortrait UIInterfaceOrientationPortraitUpsideDown UIInterfaceOrientationLandscapeLeft UIInterfaceOrientationLandscapeRight";
				INFOPLIST_KEY_UISupportedInterfaceOrientations_iPhone = "UIInterfaceOrientationPortrait UIInterfaceOrientationLandscapeLeft UIInterfaceOrientationLandscapeRight";
				IPHONEOS_DEPLOYMENT_TARGET = 15.0;
				LD_RUNPATH_SEARCH_PATHS = (
					"$(inherited)",
					"@executable_path/Frameworks",
				);
				MARKETING_VERSION = 1.0;
				PRODUCT_BUNDLE_IDENTIFIER = ru.yandex.ArtemDubovitskiy.practicum.TravelSchedule;
				PRODUCT_NAME = "$(TARGET_NAME)";
				SUPPORTED_PLATFORMS = "iphoneos iphonesimulator";
				SUPPORTS_MACCATALYST = NO;
				SUPPORTS_MAC_DESIGNED_FOR_IPHONE_IPAD = NO;
				SWIFT_EMIT_LOC_STRINGS = YES;
				SWIFT_VERSION = 5.0;
				TARGETED_DEVICE_FAMILY = 1;
			};
			name = Debug;
		};
		9131FAAA2B9D99E400B25976 /* Release */ = {
			isa = XCBuildConfiguration;
			buildSettings = {
				ASSETCATALOG_COMPILER_APPICON_NAME = AppIcon;
				ASSETCATALOG_COMPILER_GLOBAL_ACCENT_COLOR_NAME = AccentColor;
				CODE_SIGN_STYLE = Automatic;
				CURRENT_PROJECT_VERSION = 1;
				DEVELOPMENT_ASSET_PATHS = "\"TravelSchedule/Preview Content\"";
				DEVELOPMENT_TEAM = 6HXBQFPFB3;
				ENABLE_PREVIEWS = YES;
				GENERATE_INFOPLIST_FILE = YES;
				INFOPLIST_KEY_UIApplicationSceneManifest_Generation = YES;
				INFOPLIST_KEY_UIApplicationSupportsIndirectInputEvents = YES;
				INFOPLIST_KEY_UILaunchScreen_Generation = YES;
				INFOPLIST_KEY_UISupportedInterfaceOrientations_iPad = "UIInterfaceOrientationPortrait UIInterfaceOrientationPortraitUpsideDown UIInterfaceOrientationLandscapeLeft UIInterfaceOrientationLandscapeRight";
				INFOPLIST_KEY_UISupportedInterfaceOrientations_iPhone = "UIInterfaceOrientationPortrait UIInterfaceOrientationLandscapeLeft UIInterfaceOrientationLandscapeRight";
				IPHONEOS_DEPLOYMENT_TARGET = 15.0;
				LD_RUNPATH_SEARCH_PATHS = (
					"$(inherited)",
					"@executable_path/Frameworks",
				);
				MARKETING_VERSION = 1.0;
				PRODUCT_BUNDLE_IDENTIFIER = ru.yandex.ArtemDubovitskiy.practicum.TravelSchedule;
				PRODUCT_NAME = "$(TARGET_NAME)";
				SUPPORTED_PLATFORMS = "iphoneos iphonesimulator";
				SUPPORTS_MACCATALYST = NO;
				SUPPORTS_MAC_DESIGNED_FOR_IPHONE_IPAD = NO;
				SWIFT_EMIT_LOC_STRINGS = YES;
				SWIFT_VERSION = 5.0;
				TARGETED_DEVICE_FAMILY = 1;
			};
			name = Release;
		};
/* End XCBuildConfiguration section */

/* Begin XCConfigurationList section */
		9131FA952B9D99E300B25976 /* Build configuration list for PBXProject "TravelSchedule" */ = {
			isa = XCConfigurationList;
			buildConfigurations = (
				9131FAA62B9D99E400B25976 /* Debug */,
				9131FAA72B9D99E400B25976 /* Release */,
			);
			defaultConfigurationIsVisible = 0;
			defaultConfigurationName = Release;
		};
		9131FAA82B9D99E400B25976 /* Build configuration list for PBXNativeTarget "TravelSchedule" */ = {
			isa = XCConfigurationList;
			buildConfigurations = (
				9131FAA92B9D99E400B25976 /* Debug */,
				9131FAAA2B9D99E400B25976 /* Release */,
			);
			defaultConfigurationIsVisible = 0;
			defaultConfigurationName = Release;
		};
/* End XCConfigurationList section */

/* Begin XCRemoteSwiftPackageReference section */
		918CA5EF2BA01D340088CA5F /* XCRemoteSwiftPackageReference "swift-openapi-generator" */ = {
			isa = XCRemoteSwiftPackageReference;
			repositoryURL = "https://github.com/apple/swift-openapi-generator";
			requirement = {
				kind = upToNextMajorVersion;
				minimumVersion = 1.2.1;
			};
		};
		918CA5F42BA01D920088CA5F /* XCRemoteSwiftPackageReference "swift-openapi-runtime" */ = {
			isa = XCRemoteSwiftPackageReference;
			repositoryURL = "https://github.com/apple/swift-openapi-runtime";
			requirement = {
				kind = upToNextMajorVersion;
				minimumVersion = 1.3.2;
			};
		};
		918CA5F72BA01E640088CA5F /* XCRemoteSwiftPackageReference "swift-openapi-urlsession" */ = {
			isa = XCRemoteSwiftPackageReference;
			repositoryURL = "https://github.com/apple/swift-openapi-urlsession";
			requirement = {
				kind = upToNextMajorVersion;
				minimumVersion = 1.0.1;
			};
		};
/* End XCRemoteSwiftPackageReference section */

/* Begin XCSwiftPackageProductDependency section */
		918CA5F52BA01D920088CA5F /* OpenAPIRuntime */ = {
			isa = XCSwiftPackageProductDependency;
			package = 918CA5F42BA01D920088CA5F /* XCRemoteSwiftPackageReference "swift-openapi-runtime" */;
			productName = OpenAPIRuntime;
		};
		918CA5F82BA01E640088CA5F /* OpenAPIURLSession */ = {
			isa = XCSwiftPackageProductDependency;
			package = 918CA5F72BA01E640088CA5F /* XCRemoteSwiftPackageReference "swift-openapi-urlsession" */;
			productName = OpenAPIURLSession;
		};
		918CA5FA2BA01F100088CA5F /* OpenAPIGenerator */ = {
			isa = XCSwiftPackageProductDependency;
			package = 918CA5EF2BA01D340088CA5F /* XCRemoteSwiftPackageReference "swift-openapi-generator" */;
			productName = "plugin:OpenAPIGenerator";
		};
/* End XCSwiftPackageProductDependency section */
	};
	rootObject = 9131FA922B9D99E300B25976 /* Project object */;
}
